// !$*UTF8*$!
{
	archiveVersion = 1;
	classes = {
	};
	objectVersion = 46;
	objects = {

/* Begin PBXBuildFile section */
		7FFACEBF2EEE6B5FFAC4874A /* libPods-LoveFreshBeen.a in Frameworks */ = {isa = PBXBuildFile; fileRef = 53E67A52640A950D484BF1EE /* libPods-LoveFreshBeen.a */; };
		F74FDF161D595F0E006F21E3 /* AppDelegate.m in Sources */ = {isa = PBXBuildFile; fileRef = F74FDF0F1D595F0E006F21E3 /* AppDelegate.m */; };
		F74FDF171D595F0E006F21E3 /* Assets.xcassets in Resources */ = {isa = PBXBuildFile; fileRef = F74FDF101D595F0E006F21E3 /* Assets.xcassets */; };
		F74FDF181D595F0E006F21E3 /* LaunchScreen.storyboard in Resources */ = {isa = PBXBuildFile; fileRef = F74FDF111D595F0E006F21E3 /* LaunchScreen.storyboard */; };
		F74FDF191D595F0E006F21E3 /* Main.storyboard in Resources */ = {isa = PBXBuildFile; fileRef = F74FDF131D595F0E006F21E3 /* Main.storyboard */; };
		F74FDF1A1D595F0E006F21E3 /* main.m in Sources */ = {isa = PBXBuildFile; fileRef = F74FDF151D595F0E006F21E3 /* main.m */; };
		F74FDF441D596271006F21E3 /* UIColor+RandomColor.m in Sources */ = {isa = PBXBuildFile; fileRef = F74FDF401D596271006F21E3 /* UIColor+RandomColor.m */; };
		F74FDF451D596271006F21E3 /* UIImage+Color.m in Sources */ = {isa = PBXBuildFile; fileRef = F74FDF431D596271006F21E3 /* UIImage+Color.m */; };
		F74FDF491D59652D006F21E3 /* JSTabBarViewController.m in Sources */ = {isa = PBXBuildFile; fileRef = F74FDF481D59652D006F21E3 /* JSTabBarViewController.m */; };
		F74FDF4C1D596553006F21E3 /* JSNavigationController.m in Sources */ = {isa = PBXBuildFile; fileRef = F74FDF4B1D596553006F21E3 /* JSNavigationController.m */; };
		F74FDF5E1D596A93006F21E3 /* JSMineTableViewController.m in Sources */ = {isa = PBXBuildFile; fileRef = F74FDF5D1D596A93006F21E3 /* JSMineTableViewController.m */; };
		F74FDF611D596B0F006F21E3 /* JSHomeTableViewController.m in Sources */ = {isa = PBXBuildFile; fileRef = F74FDF601D596B0F006F21E3 /* JSHomeTableViewController.m */; };
		F74FDF641D596B2C006F21E3 /* JSStoreTableViewController.m in Sources */ = {isa = PBXBuildFile; fileRef = F74FDF631D596B2C006F21E3 /* JSStoreTableViewController.m */; };
		F74FDF671D596B46006F21E3 /* JSCartTableViewController.m in Sources */ = {isa = PBXBuildFile; fileRef = F74FDF661D596B46006F21E3 /* JSCartTableViewController.m */; };
		F74FDF711D59742B006F21E3 /* UIView+JSFrame.m in Sources */ = {isa = PBXBuildFile; fileRef = F74FDF701D59742B006F21E3 /* UIView+JSFrame.m */; };
		F74FDF741D597A57006F21E3 /* JSCustomFrameButton.m in Sources */ = {isa = PBXBuildFile; fileRef = F74FDF731D597A57006F21E3 /* JSCustomFrameButton.m */; };
		F74FDF781D598978006F21E3 /* JSScanViewController.m in Sources */ = {isa = PBXBuildFile; fileRef = F74FDF771D598978006F21E3 /* JSScanViewController.m */; };
		F74FDF7B1D599004006F21E3 /* JSNetworkManager.m in Sources */ = {isa = PBXBuildFile; fileRef = F74FDF7A1D599004006F21E3 /* JSNetworkManager.m */; };
		F74FDF7E1D599C7B006F21E3 /* JSHeaderView.m in Sources */ = {isa = PBXBuildFile; fileRef = F74FDF7D1D599C7B006F21E3 /* JSHeaderView.m */; };
		F74FDF821D59A536006F21E3 /* JSLoopView.m in Sources */ = {isa = PBXBuildFile; fileRef = F74FDF811D59A536006F21E3 /* JSLoopView.m */; };
		F74FDF851D59ADB9006F21E3 /* JSMenumView.m in Sources */ = {isa = PBXBuildFile; fileRef = F74FDF841D59ADB9006F21E3 /* JSMenumView.m */; };
		F74FDF941D59E8A4006F21E3 /* JSActivitiesModel.m in Sources */ = {isa = PBXBuildFile; fileRef = F74FDF931D59E8A4006F21E3 /* JSActivitiesModel.m */; };
		F74FDF971D59EA85006F21E3 /* JSHomeDataModel.m in Sources */ = {isa = PBXBuildFile; fileRef = F74FDF961D59EA85006F21E3 /* JSHomeDataModel.m */; };
		F74FDF9A1D5A015B006F21E3 /* JSFocusModel.m in Sources */ = {isa = PBXBuildFile; fileRef = F74FDF991D5A015B006F21E3 /* JSFocusModel.m */; };
		F74FDF9D1D5A021B006F21E3 /* JSIconsModel.m in Sources */ = {isa = PBXBuildFile; fileRef = F74FDF9C1D5A021B006F21E3 /* JSIconsModel.m */; };
/* End PBXBuildFile section */

/* Begin PBXFileReference section */
		11F4FA4EA874E763BAA0CD09 /* Pods-LoveFreshBeen.release.xcconfig */ = {isa = PBXFileReference; includeInIndex = 1; lastKnownFileType = text.xcconfig; name = "Pods-LoveFreshBeen.release.xcconfig"; path = "Pods/Target Support Files/Pods-LoveFreshBeen/Pods-LoveFreshBeen.release.xcconfig"; sourceTree = "<group>"; };
		53E67A52640A950D484BF1EE /* libPods-LoveFreshBeen.a */ = {isa = PBXFileReference; explicitFileType = archive.ar; includeInIndex = 0; path = "libPods-LoveFreshBeen.a"; sourceTree = BUILT_PRODUCTS_DIR; };
		590D4A30071976506C0BC49F /* Pods-LoveFreshBeen.debug.xcconfig */ = {isa = PBXFileReference; includeInIndex = 1; lastKnownFileType = text.xcconfig; name = "Pods-LoveFreshBeen.debug.xcconfig"; path = "Pods/Target Support Files/Pods-LoveFreshBeen/Pods-LoveFreshBeen.debug.xcconfig"; sourceTree = "<group>"; };
		F74FDEF31D595E6B006F21E3 /* LoveFreshBeen.app */ = {isa = PBXFileReference; explicitFileType = wrapper.application; includeInIndex = 0; path = LoveFreshBeen.app; sourceTree = BUILT_PRODUCTS_DIR; };
		F74FDF071D595E6C006F21E3 /* Info.plist */ = {isa = PBXFileReference; lastKnownFileType = text.plist.xml; path = Info.plist; sourceTree = "<group>"; };
		F74FDF0E1D595F0E006F21E3 /* AppDelegate.h */ = {isa = PBXFileReference; fileEncoding = 4; lastKnownFileType = sourcecode.c.h; path = AppDelegate.h; sourceTree = "<group>"; };
		F74FDF0F1D595F0E006F21E3 /* AppDelegate.m */ = {isa = PBXFileReference; fileEncoding = 4; lastKnownFileType = sourcecode.c.objc; path = AppDelegate.m; sourceTree = "<group>"; };
		F74FDF101D595F0E006F21E3 /* Assets.xcassets */ = {isa = PBXFileReference; lastKnownFileType = folder.assetcatalog; path = Assets.xcassets; sourceTree = "<group>"; };
		F74FDF121D595F0E006F21E3 /* Base */ = {isa = PBXFileReference; lastKnownFileType = file.storyboard; name = Base; path = Base.lproj/LaunchScreen.storyboard; sourceTree = "<group>"; };
		F74FDF141D595F0E006F21E3 /* Base */ = {isa = PBXFileReference; lastKnownFileType = file.storyboard; name = Base; path = Base.lproj/Main.storyboard; sourceTree = "<group>"; };
		F74FDF151D595F0E006F21E3 /* main.m */ = {isa = PBXFileReference; fileEncoding = 4; lastKnownFileType = sourcecode.c.objc; path = main.m; sourceTree = "<group>"; };
		F74FDF3F1D596271006F21E3 /* UIColor+RandomColor.h */ = {isa = PBXFileReference; fileEncoding = 4; lastKnownFileType = sourcecode.c.h; path = "UIColor+RandomColor.h"; sourceTree = "<group>"; };
		F74FDF401D596271006F21E3 /* UIColor+RandomColor.m */ = {isa = PBXFileReference; fileEncoding = 4; lastKnownFileType = sourcecode.c.objc; path = "UIColor+RandomColor.m"; sourceTree = "<group>"; };
		F74FDF421D596271006F21E3 /* UIImage+Color.h */ = {isa = PBXFileReference; fileEncoding = 4; lastKnownFileType = sourcecode.c.h; path = "UIImage+Color.h"; sourceTree = "<group>"; };
		F74FDF431D596271006F21E3 /* UIImage+Color.m */ = {isa = PBXFileReference; fileEncoding = 4; lastKnownFileType = sourcecode.c.objc; path = "UIImage+Color.m"; sourceTree = "<group>"; };
		F74FDF461D596299006F21E3 /* PrefixHeader.pch */ = {isa = PBXFileReference; lastKnownFileType = sourcecode.c.h; path = PrefixHeader.pch; sourceTree = "<group>"; };
		F74FDF471D59652D006F21E3 /* JSTabBarViewController.h */ = {isa = PBXFileReference; fileEncoding = 4; lastKnownFileType = sourcecode.c.h; path = JSTabBarViewController.h; sourceTree = "<group>"; };
		F74FDF481D59652D006F21E3 /* JSTabBarViewController.m */ = {isa = PBXFileReference; fileEncoding = 4; lastKnownFileType = sourcecode.c.objc; path = JSTabBarViewController.m; sourceTree = "<group>"; };
		F74FDF4A1D596553006F21E3 /* JSNavigationController.h */ = {isa = PBXFileReference; fileEncoding = 4; lastKnownFileType = sourcecode.c.h; path = JSNavigationController.h; sourceTree = "<group>"; };
		F74FDF4B1D596553006F21E3 /* JSNavigationController.m */ = {isa = PBXFileReference; fileEncoding = 4; lastKnownFileType = sourcecode.c.objc; path = JSNavigationController.m; sourceTree = "<group>"; };
		F74FDF5C1D596A93006F21E3 /* JSMineTableViewController.h */ = {isa = PBXFileReference; fileEncoding = 4; lastKnownFileType = sourcecode.c.h; path = JSMineTableViewController.h; sourceTree = "<group>"; };
		F74FDF5D1D596A93006F21E3 /* JSMineTableViewController.m */ = {isa = PBXFileReference; fileEncoding = 4; lastKnownFileType = sourcecode.c.objc; path = JSMineTableViewController.m; sourceTree = "<group>"; };
		F74FDF5F1D596B0F006F21E3 /* JSHomeTableViewController.h */ = {isa = PBXFileReference; fileEncoding = 4; lastKnownFileType = sourcecode.c.h; path = JSHomeTableViewController.h; sourceTree = "<group>"; };
		F74FDF601D596B0F006F21E3 /* JSHomeTableViewController.m */ = {isa = PBXFileReference; fileEncoding = 4; lastKnownFileType = sourcecode.c.objc; path = JSHomeTableViewController.m; sourceTree = "<group>"; };
		F74FDF621D596B2C006F21E3 /* JSStoreTableViewController.h */ = {isa = PBXFileReference; fileEncoding = 4; lastKnownFileType = sourcecode.c.h; path = JSStoreTableViewController.h; sourceTree = "<group>"; };
		F74FDF631D596B2C006F21E3 /* JSStoreTableViewController.m */ = {isa = PBXFileReference; fileEncoding = 4; lastKnownFileType = sourcecode.c.objc; path = JSStoreTableViewController.m; sourceTree = "<group>"; };
		F74FDF651D596B46006F21E3 /* JSCartTableViewController.h */ = {isa = PBXFileReference; fileEncoding = 4; lastKnownFileType = sourcecode.c.h; path = JSCartTableViewController.h; sourceTree = "<group>"; };
		F74FDF661D596B46006F21E3 /* JSCartTableViewController.m */ = {isa = PBXFileReference; fileEncoding = 4; lastKnownFileType = sourcecode.c.objc; path = JSCartTableViewController.m; sourceTree = "<group>"; };
		F74FDF6F1D59742B006F21E3 /* UIView+JSFrame.h */ = {isa = PBXFileReference; fileEncoding = 4; lastKnownFileType = sourcecode.c.h; path = "UIView+JSFrame.h"; sourceTree = "<group>"; };
		F74FDF701D59742B006F21E3 /* UIView+JSFrame.m */ = {isa = PBXFileReference; fileEncoding = 4; lastKnownFileType = sourcecode.c.objc; path = "UIView+JSFrame.m"; sourceTree = "<group>"; };
		F74FDF721D597A57006F21E3 /* JSCustomFrameButton.h */ = {isa = PBXFileReference; fileEncoding = 4; lastKnownFileType = sourcecode.c.h; path = JSCustomFrameButton.h; sourceTree = "<group>"; };
		F74FDF731D597A57006F21E3 /* JSCustomFrameButton.m */ = {isa = PBXFileReference; fileEncoding = 4; lastKnownFileType = sourcecode.c.objc; path = JSCustomFrameButton.m; sourceTree = "<group>"; };
		F74FDF761D598978006F21E3 /* JSScanViewController.h */ = {isa = PBXFileReference; fileEncoding = 4; lastKnownFileType = sourcecode.c.h; path = JSScanViewController.h; sourceTree = "<group>"; };
		F74FDF771D598978006F21E3 /* JSScanViewController.m */ = {isa = PBXFileReference; fileEncoding = 4; lastKnownFileType = sourcecode.c.objc; path = JSScanViewController.m; sourceTree = "<group>"; };
		F74FDF791D599004006F21E3 /* JSNetworkManager.h */ = {isa = PBXFileReference; fileEncoding = 4; lastKnownFileType = sourcecode.c.h; path = JSNetworkManager.h; sourceTree = "<group>"; };
		F74FDF7A1D599004006F21E3 /* JSNetworkManager.m */ = {isa = PBXFileReference; fileEncoding = 4; lastKnownFileType = sourcecode.c.objc; path = JSNetworkManager.m; sourceTree = "<group>"; };
		F74FDF7C1D599C7B006F21E3 /* JSHeaderView.h */ = {isa = PBXFileReference; fileEncoding = 4; lastKnownFileType = sourcecode.c.h; path = JSHeaderView.h; sourceTree = "<group>"; };
		F74FDF7D1D599C7B006F21E3 /* JSHeaderView.m */ = {isa = PBXFileReference; fileEncoding = 4; lastKnownFileType = sourcecode.c.objc; path = JSHeaderView.m; sourceTree = "<group>"; };
		F74FDF801D59A536006F21E3 /* JSLoopView.h */ = {isa = PBXFileReference; fileEncoding = 4; lastKnownFileType = sourcecode.c.h; path = JSLoopView.h; sourceTree = "<group>"; };
		F74FDF811D59A536006F21E3 /* JSLoopView.m */ = {isa = PBXFileReference; fileEncoding = 4; lastKnownFileType = sourcecode.c.objc; path = JSLoopView.m; sourceTree = "<group>"; };
		F74FDF831D59ADB9006F21E3 /* JSMenumView.h */ = {isa = PBXFileReference; fileEncoding = 4; lastKnownFileType = sourcecode.c.h; path = JSMenumView.h; sourceTree = "<group>"; };
		F74FDF841D59ADB9006F21E3 /* JSMenumView.m */ = {isa = PBXFileReference; fileEncoding = 4; lastKnownFileType = sourcecode.c.objc; path = JSMenumView.m; sourceTree = "<group>"; };
		F74FDF921D59E8A4006F21E3 /* JSActivitiesModel.h */ = {isa = PBXFileReference; fileEncoding = 4; lastKnownFileType = sourcecode.c.h; path = JSActivitiesModel.h; sourceTree = "<group>"; };
		F74FDF931D59E8A4006F21E3 /* JSActivitiesModel.m */ = {isa = PBXFileReference; fileEncoding = 4; lastKnownFileType = sourcecode.c.objc; path = JSActivitiesModel.m; sourceTree = "<group>"; };
		F74FDF951D59EA85006F21E3 /* JSHomeDataModel.h */ = {isa = PBXFileReference; fileEncoding = 4; lastKnownFileType = sourcecode.c.h; path = JSHomeDataModel.h; sourceTree = "<group>"; };
		F74FDF961D59EA85006F21E3 /* JSHomeDataModel.m */ = {isa = PBXFileReference; fileEncoding = 4; lastKnownFileType = sourcecode.c.objc; path = JSHomeDataModel.m; sourceTree = "<group>"; };
		F74FDF981D5A015B006F21E3 /* JSFocusModel.h */ = {isa = PBXFileReference; fileEncoding = 4; lastKnownFileType = sourcecode.c.h; path = JSFocusModel.h; sourceTree = "<group>"; };
		F74FDF991D5A015B006F21E3 /* JSFocusModel.m */ = {isa = PBXFileReference; fileEncoding = 4; lastKnownFileType = sourcecode.c.objc; path = JSFocusModel.m; sourceTree = "<group>"; };
		F74FDF9B1D5A021B006F21E3 /* JSIconsModel.h */ = {isa = PBXFileReference; fileEncoding = 4; lastKnownFileType = sourcecode.c.h; path = JSIconsModel.h; sourceTree = "<group>"; };
		F74FDF9C1D5A021B006F21E3 /* JSIconsModel.m */ = {isa = PBXFileReference; fileEncoding = 4; lastKnownFileType = sourcecode.c.objc; path = JSIconsModel.m; sourceTree = "<group>"; };
/* End PBXFileReference section */

/* Begin PBXFrameworksBuildPhase section */
		F74FDEF01D595E6B006F21E3 /* Frameworks */ = {
			isa = PBXFrameworksBuildPhase;
			buildActionMask = 2147483647;
			files = (
				7FFACEBF2EEE6B5FFAC4874A /* libPods-LoveFreshBeen.a in Frameworks */,
			);
			runOnlyForDeploymentPostprocessing = 0;
		};
/* End PBXFrameworksBuildPhase section */

/* Begin PBXGroup section */
		2FFA2B21B90C5C35701B32C5 /* Pods */ = {
			isa = PBXGroup;
			children = (
				590D4A30071976506C0BC49F /* Pods-LoveFreshBeen.debug.xcconfig */,
				11F4FA4EA874E763BAA0CD09 /* Pods-LoveFreshBeen.release.xcconfig */,
			);
			name = Pods;
			sourceTree = "<group>";
		};
		E3389155C1A7BD3FFBD96A4B /* Frameworks */ = {
			isa = PBXGroup;
			children = (
				53E67A52640A950D484BF1EE /* libPods-LoveFreshBeen.a */,
			);
			name = Frameworks;
			sourceTree = "<group>";
		};
		F74FDEEA1D595E6B006F21E3 = {
			isa = PBXGroup;
			children = (
				F74FDEF51D595E6B006F21E3 /* LoveFreshBeen */,
				F74FDEF41D595E6B006F21E3 /* Products */,
				2FFA2B21B90C5C35701B32C5 /* Pods */,
				E3389155C1A7BD3FFBD96A4B /* Frameworks */,
			);
			sourceTree = "<group>";
		};
		F74FDEF41D595E6B006F21E3 /* Products */ = {
			isa = PBXGroup;
			children = (
				F74FDEF31D595E6B006F21E3 /* LoveFreshBeen.app */,
			);
			name = Products;
			sourceTree = "<group>";
		};
		F74FDEF51D595E6B006F21E3 /* LoveFreshBeen */ = {
			isa = PBXGroup;
			children = (
				F74FDF241D59601B006F21E3 /* Classes */,
				F74FDF1B1D595F6C006F21E3 /* Common */,
				F74FDF0D1D595F0E006F21E3 /* SupportingFiles */,
				F74FDF071D595E6C006F21E3 /* Info.plist */,
			);
			path = LoveFreshBeen;
			sourceTree = "<group>";
		};
		F74FDF0D1D595F0E006F21E3 /* SupportingFiles */ = {
			isa = PBXGroup;
			children = (
				F74FDF0E1D595F0E006F21E3 /* AppDelegate.h */,
				F74FDF0F1D595F0E006F21E3 /* AppDelegate.m */,
				F74FDF101D595F0E006F21E3 /* Assets.xcassets */,
				F74FDF111D595F0E006F21E3 /* LaunchScreen.storyboard */,
				F74FDF131D595F0E006F21E3 /* Main.storyboard */,
				F74FDF151D595F0E006F21E3 /* main.m */,
				F74FDF461D596299006F21E3 /* PrefixHeader.pch */,
			);
			path = SupportingFiles;
			sourceTree = "<group>";
		};
		F74FDF1B1D595F6C006F21E3 /* Common */ = {
			isa = PBXGroup;
			children = (
				F74FDF3D1D596265006F21E3 /* Extension */,
				F74FDF791D599004006F21E3 /* JSNetworkManager.h */,
				F74FDF7A1D599004006F21E3 /* JSNetworkManager.m */,
			);
			path = Common;
			sourceTree = "<group>";
		};
		F74FDF241D59601B006F21E3 /* Classes */ = {
			isa = PBXGroup;
			children = (
				F74FDF251D59601B006F21E3 /* Copy */,
				F74FDF2D1D59601B006F21E3 /* Main */,
				F74FDF291D59601B006F21E3 /* Home */,
				F74FDF391D59601B006F21E3 /* Store */,
				F74FDF351D59601B006F21E3 /* ShoppingCart */,
				F74FDF311D59601B006F21E3 /* Mine */,
			);
			path = Classes;
			sourceTree = "<group>";
		};
		F74FDF251D59601B006F21E3 /* Copy */ = {
			isa = PBXGroup;
			children = (
				F74FDF261D59601B006F21E3 /* Controllers */,
				F74FDF271D59601B006F21E3 /* Models */,
				F74FDF281D59601B006F21E3 /* Views */,
			);
			path = Copy;
			sourceTree = "<group>";
		};
		F74FDF261D59601B006F21E3 /* Controllers */ = {
			isa = PBXGroup;
			children = (
			);
			path = Controllers;
			sourceTree = "<group>";
		};
		F74FDF271D59601B006F21E3 /* Models */ = {
			isa = PBXGroup;
			children = (
			);
			path = Models;
			sourceTree = "<group>";
		};
		F74FDF281D59601B006F21E3 /* Views */ = {
			isa = PBXGroup;
			children = (
			);
			path = Views;
			sourceTree = "<group>";
		};
		F74FDF291D59601B006F21E3 /* Home */ = {
			isa = PBXGroup;
			children = (
				F74FDF2A1D59601B006F21E3 /* Controllers */,
				F74FDF2B1D59601B006F21E3 /* Models */,
				F74FDF2C1D59601B006F21E3 /* Views */,
			);
			path = Home;
			sourceTree = "<group>";
		};
		F74FDF2A1D59601B006F21E3 /* Controllers */ = {
			isa = PBXGroup;
			children = (
				F74FDF5F1D596B0F006F21E3 /* JSHomeTableViewController.h */,
				F74FDF601D596B0F006F21E3 /* JSHomeTableViewController.m */,
				F74FDF751D598955006F21E3 /* SubViewControllers */,
			);
			path = Controllers;
			sourceTree = "<group>";
		};
		F74FDF2B1D59601B006F21E3 /* Models */ = {
			isa = PBXGroup;
			children = (
				F74FDF951D59EA85006F21E3 /* JSHomeDataModel.h */,
				F74FDF961D59EA85006F21E3 /* JSHomeDataModel.m */,
				F74FDF921D59E8A4006F21E3 /* JSActivitiesModel.h */,
				F74FDF931D59E8A4006F21E3 /* JSActivitiesModel.m */,
				F74FDF981D5A015B006F21E3 /* JSFocusModel.h */,
				F74FDF991D5A015B006F21E3 /* JSFocusModel.m */,
				F74FDF9B1D5A021B006F21E3 /* JSIconsModel.h */,
				F74FDF9C1D5A021B006F21E3 /* JSIconsModel.m */,
			);
			path = Models;
			sourceTree = "<group>";
		};
		F74FDF2C1D59601B006F21E3 /* Views */ = {
			isa = PBXGroup;
			children = (
				F74FDF721D597A57006F21E3 /* JSCustomFrameButton.h */,
				F74FDF731D597A57006F21E3 /* JSCustomFrameButton.m */,
			);
			path = Views;
			sourceTree = "<group>";
		};
		F74FDF2D1D59601B006F21E3 /* Main */ = {
			isa = PBXGroup;
			children = (
				F74FDF2E1D59601B006F21E3 /* Controllers */,
				F74FDF2F1D59601B006F21E3 /* Models */,
				F74FDF301D59601B006F21E3 /* Views */,
			);
			path = Main;
			sourceTree = "<group>";
		};
		F74FDF2E1D59601B006F21E3 /* Controllers */ = {
			isa = PBXGroup;
			children = (
				F74FDF471D59652D006F21E3 /* JSTabBarViewController.h */,
				F74FDF481D59652D006F21E3 /* JSTabBarViewController.m */,
				F74FDF4A1D596553006F21E3 /* JSNavigationController.h */,
				F74FDF4B1D596553006F21E3 /* JSNavigationController.m */,
			);
			path = Controllers;
			sourceTree = "<group>";
		};
		F74FDF2F1D59601B006F21E3 /* Models */ = {
			isa = PBXGroup;
			children = (
			);
			path = Models;
			sourceTree = "<group>";
		};
		F74FDF301D59601B006F21E3 /* Views */ = {
			isa = PBXGroup;
			children = (
			);
			path = Views;
			sourceTree = "<group>";
		};
		F74FDF311D59601B006F21E3 /* Mine */ = {
			isa = PBXGroup;
			children = (
				F74FDF321D59601B006F21E3 /* Controllers */,
				F74FDF331D59601B006F21E3 /* Models */,
				F74FDF341D59601B006F21E3 /* Views */,
			);
			path = Mine;
			sourceTree = "<group>";
		};
		F74FDF321D59601B006F21E3 /* Controllers */ = {
			isa = PBXGroup;
			children = (
				F74FDF5C1D596A93006F21E3 /* JSMineTableViewController.h */,
				F74FDF5D1D596A93006F21E3 /* JSMineTableViewController.m */,
			);
			path = Controllers;
			sourceTree = "<group>";
		};
		F74FDF331D59601B006F21E3 /* Models */ = {
			isa = PBXGroup;
			children = (
			);
			path = Models;
			sourceTree = "<group>";
		};
		F74FDF341D59601B006F21E3 /* Views */ = {
			isa = PBXGroup;
			children = (
			);
			path = Views;
			sourceTree = "<group>";
		};
		F74FDF351D59601B006F21E3 /* ShoppingCart */ = {
			isa = PBXGroup;
			children = (
				F74FDF361D59601B006F21E3 /* Controllers */,
				F74FDF371D59601B006F21E3 /* Models */,
				F74FDF381D59601B006F21E3 /* Views */,
			);
			path = ShoppingCart;
			sourceTree = "<group>";
		};
		F74FDF361D59601B006F21E3 /* Controllers */ = {
			isa = PBXGroup;
			children = (
				F74FDF651D596B46006F21E3 /* JSCartTableViewController.h */,
				F74FDF661D596B46006F21E3 /* JSCartTableViewController.m */,
			);
			path = Controllers;
			sourceTree = "<group>";
		};
		F74FDF371D59601B006F21E3 /* Models */ = {
			isa = PBXGroup;
			children = (
			);
			path = Models;
			sourceTree = "<group>";
		};
		F74FDF381D59601B006F21E3 /* Views */ = {
			isa = PBXGroup;
			children = (
			);
			path = Views;
			sourceTree = "<group>";
		};
		F74FDF391D59601B006F21E3 /* Store */ = {
			isa = PBXGroup;
			children = (
				F74FDF3A1D59601B006F21E3 /* Controllers */,
				F74FDF3B1D59601B006F21E3 /* Models */,
				F74FDF3C1D59601B006F21E3 /* Views */,
			);
			path = Store;
			sourceTree = "<group>";
		};
		F74FDF3A1D59601B006F21E3 /* Controllers */ = {
			isa = PBXGroup;
			children = (
				F74FDF621D596B2C006F21E3 /* JSStoreTableViewController.h */,
				F74FDF631D596B2C006F21E3 /* JSStoreTableViewController.m */,
			);
			path = Controllers;
			sourceTree = "<group>";
		};
		F74FDF3B1D59601B006F21E3 /* Models */ = {
			isa = PBXGroup;
			children = (
			);
			path = Models;
			sourceTree = "<group>";
		};
		F74FDF3C1D59601B006F21E3 /* Views */ = {
			isa = PBXGroup;
			children = (
			);
			path = Views;
			sourceTree = "<group>";
		};
		F74FDF3D1D596265006F21E3 /* Extension */ = {
			isa = PBXGroup;
			children = (
				F74FDF6E1D59742B006F21E3 /* Frame */,
				F74FDF3E1D596271006F21E3 /* UIColor */,
				F74FDF411D596271006F21E3 /* UIImage */,
			);
			path = Extension;
			sourceTree = "<group>";
		};
		F74FDF3E1D596271006F21E3 /* UIColor */ = {
			isa = PBXGroup;
			children = (
				F74FDF3F1D596271006F21E3 /* UIColor+RandomColor.h */,
				F74FDF401D596271006F21E3 /* UIColor+RandomColor.m */,
			);
			path = UIColor;
			sourceTree = "<group>";
		};
		F74FDF411D596271006F21E3 /* UIImage */ = {
			isa = PBXGroup;
			children = (
				F74FDF421D596271006F21E3 /* UIImage+Color.h */,
				F74FDF431D596271006F21E3 /* UIImage+Color.m */,
			);
			path = UIImage;
			sourceTree = "<group>";
		};
		F74FDF6E1D59742B006F21E3 /* Frame */ = {
			isa = PBXGroup;
			children = (
				F74FDF6F1D59742B006F21E3 /* UIView+JSFrame.h */,
				F74FDF701D59742B006F21E3 /* UIView+JSFrame.m */,
			);
			path = Frame;
			sourceTree = "<group>";
		};
		F74FDF751D598955006F21E3 /* SubViewControllers */ = {
			isa = PBXGroup;
			children = (
				F74FDF7F1D59A51F006F21E3 /* HeaderLoopView */,
				F74FDF761D598978006F21E3 /* JSScanViewController.h */,
				F74FDF771D598978006F21E3 /* JSScanViewController.m */,
				F74FDF7C1D599C7B006F21E3 /* JSHeaderView.h */,
				F74FDF7D1D599C7B006F21E3 /* JSHeaderView.m */,
			);
			path = SubViewControllers;
			sourceTree = "<group>";
		};
		F74FDF7F1D59A51F006F21E3 /* HeaderLoopView */ = {
			isa = PBXGroup;
			children = (
				F74FDF801D59A536006F21E3 /* JSLoopView.h */,
				F74FDF811D59A536006F21E3 /* JSLoopView.m */,
				F74FDF831D59ADB9006F21E3 /* JSMenumView.h */,
				F74FDF841D59ADB9006F21E3 /* JSMenumView.m */,
			);
			path = HeaderLoopView;
			sourceTree = "<group>";
		};
/* End PBXGroup section */

/* Begin PBXNativeTarget section */
		F74FDEF21D595E6B006F21E3 /* LoveFreshBeen */ = {
			isa = PBXNativeTarget;
			buildConfigurationList = F74FDF0A1D595E6C006F21E3 /* Build configuration list for PBXNativeTarget "LoveFreshBeen" */;
			buildPhases = (
				C3F54EFEAD3150FCCE278146 /* [CP] Check Pods Manifest.lock */,
				F74FDEEF1D595E6B006F21E3 /* Sources */,
				F74FDEF01D595E6B006F21E3 /* Frameworks */,
				F74FDEF11D595E6B006F21E3 /* Resources */,
				3603CCE1489A1DBFB70665E5 /* [CP] Embed Pods Frameworks */,
				B981F18E3091132EB141BF84 /* [CP] Copy Pods Resources */,
			);
			buildRules = (
			);
			dependencies = (
			);
			name = LoveFreshBeen;
			productName = LoveFreshBeen;
			productReference = F74FDEF31D595E6B006F21E3 /* LoveFreshBeen.app */;
			productType = "com.apple.product-type.application";
		};
/* End PBXNativeTarget section */

/* Begin PBXProject section */
		F74FDEEB1D595E6B006F21E3 /* Project object */ = {
			isa = PBXProject;
			attributes = {
				CLASSPREFIX = JS;
				LastUpgradeCheck = 0730;
				ORGANIZATIONNAME = "___ShenYJ___";
				TargetAttributes = {
					F74FDEF21D595E6B006F21E3 = {
						CreatedOnToolsVersion = 7.3.1;
						DevelopmentTeam = KS5QTFAS57;
					};
				};
			};
			buildConfigurationList = F74FDEEE1D595E6B006F21E3 /* Build configuration list for PBXProject "LoveFreshBeen" */;
			compatibilityVersion = "Xcode 3.2";
			developmentRegion = English;
			hasScannedForEncodings = 0;
			knownRegions = (
				en,
				Base,
			);
			mainGroup = F74FDEEA1D595E6B006F21E3;
			productRefGroup = F74FDEF41D595E6B006F21E3 /* Products */;
			projectDirPath = "";
			projectRoot = "";
			targets = (
				F74FDEF21D595E6B006F21E3 /* LoveFreshBeen */,
			);
		};
/* End PBXProject section */

/* Begin PBXResourcesBuildPhase section */
		F74FDEF11D595E6B006F21E3 /* Resources */ = {
			isa = PBXResourcesBuildPhase;
			buildActionMask = 2147483647;
			files = (
				F74FDF191D595F0E006F21E3 /* Main.storyboard in Resources */,
				F74FDF171D595F0E006F21E3 /* Assets.xcassets in Resources */,
				F74FDF181D595F0E006F21E3 /* LaunchScreen.storyboard in Resources */,
			);
			runOnlyForDeploymentPostprocessing = 0;
		};
/* End PBXResourcesBuildPhase section */

/* Begin PBXShellScriptBuildPhase section */
		3603CCE1489A1DBFB70665E5 /* [CP] Embed Pods Frameworks */ = {
			isa = PBXShellScriptBuildPhase;
			buildActionMask = 2147483647;
			files = (
			);
			inputPaths = (
			);
			name = "[CP] Embed Pods Frameworks";
			outputPaths = (
			);
			runOnlyForDeploymentPostprocessing = 0;
			shellPath = /bin/sh;
			shellScript = "\"${SRCROOT}/Pods/Target Support Files/Pods-LoveFreshBeen/Pods-LoveFreshBeen-frameworks.sh\"\n";
			showEnvVarsInLog = 0;
		};
		B981F18E3091132EB141BF84 /* [CP] Copy Pods Resources */ = {
			isa = PBXShellScriptBuildPhase;
			buildActionMask = 2147483647;
			files = (
			);
			inputPaths = (
			);
			name = "[CP] Copy Pods Resources";
			outputPaths = (
			);
			runOnlyForDeploymentPostprocessing = 0;
			shellPath = /bin/sh;
			shellScript = "\"${SRCROOT}/Pods/Target Support Files/Pods-LoveFreshBeen/Pods-LoveFreshBeen-resources.sh\"\n";
			showEnvVarsInLog = 0;
		};
		C3F54EFEAD3150FCCE278146 /* [CP] Check Pods Manifest.lock */ = {
			isa = PBXShellScriptBuildPhase;
			buildActionMask = 2147483647;
			files = (
			);
			inputPaths = (
			);
			name = "[CP] Check Pods Manifest.lock";
			outputPaths = (
			);
			runOnlyForDeploymentPostprocessing = 0;
			shellPath = /bin/sh;
			shellScript = "diff \"${PODS_ROOT}/../Podfile.lock\" \"${PODS_ROOT}/Manifest.lock\" > /dev/null\nif [[ $? != 0 ]] ; then\n    cat << EOM\nerror: The sandbox is not in sync with the Podfile.lock. Run 'pod install' or update your CocoaPods installation.\nEOM\n    exit 1\nfi\n";
			showEnvVarsInLog = 0;
		};
/* End PBXShellScriptBuildPhase section */

/* Begin PBXSourcesBuildPhase section */
		F74FDEEF1D595E6B006F21E3 /* Sources */ = {
			isa = PBXSourcesBuildPhase;
			buildActionMask = 2147483647;
			files = (
				F74FDF1A1D595F0E006F21E3 /* main.m in Sources */,
				F74FDF941D59E8A4006F21E3 /* JSActivitiesModel.m in Sources */,
				F74FDF441D596271006F21E3 /* UIColor+RandomColor.m in Sources */,
				F74FDF4C1D596553006F21E3 /* JSNavigationController.m in Sources */,
				F74FDF9D1D5A021B006F21E3 /* JSIconsModel.m in Sources */,
				F74FDF7B1D599004006F21E3 /* JSNetworkManager.m in Sources */,
				F74FDF971D59EA85006F21E3 /* JSHomeDataModel.m in Sources */,
				F74FDF711D59742B006F21E3 /* UIView+JSFrame.m in Sources */,
				F74FDF9A1D5A015B006F21E3 /* JSFocusModel.m in Sources */,
				F74FDF741D597A57006F21E3 /* JSCustomFrameButton.m in Sources */,
				F74FDF7E1D599C7B006F21E3 /* JSHeaderView.m in Sources */,
				F74FDF451D596271006F21E3 /* UIImage+Color.m in Sources */,
				F74FDF491D59652D006F21E3 /* JSTabBarViewController.m in Sources */,
				F74FDF821D59A536006F21E3 /* JSLoopView.m in Sources */,
				F74FDF641D596B2C006F21E3 /* JSStoreTableViewController.m in Sources */,
				F74FDF781D598978006F21E3 /* JSScanViewController.m in Sources */,
				F74FDF671D596B46006F21E3 /* JSCartTableViewController.m in Sources */,
				F74FDF611D596B0F006F21E3 /* JSHomeTableViewController.m in Sources */,
				F74FDF161D595F0E006F21E3 /* AppDelegate.m in Sources */,
				F74FDF851D59ADB9006F21E3 /* JSMenumView.m in Sources */,
				F74FDF5E1D596A93006F21E3 /* JSMineTableViewController.m in Sources */,
			);
			runOnlyForDeploymentPostprocessing = 0;
		};
/* End PBXSourcesBuildPhase section */

/* Begin PBXVariantGroup section */
		F74FDF111D595F0E006F21E3 /* LaunchScreen.storyboard */ = {
			isa = PBXVariantGroup;
			children = (
				F74FDF121D595F0E006F21E3 /* Base */,
			);
			name = LaunchScreen.storyboard;
			sourceTree = "<group>";
		};
		F74FDF131D595F0E006F21E3 /* Main.storyboard */ = {
			isa = PBXVariantGroup;
			children = (
				F74FDF141D595F0E006F21E3 /* Base */,
			);
			name = Main.storyboard;
			sourceTree = "<group>";
		};
/* End PBXVariantGroup section */

/* Begin XCBuildConfiguration section */
		F74FDF081D595E6C006F21E3 /* Debug */ = {
			isa = XCBuildConfiguration;
			buildSettings = {
				ALWAYS_SEARCH_USER_PATHS = NO;
				CLANG_ANALYZER_NONNULL = YES;
				CLANG_CXX_LANGUAGE_STANDARD = "gnu++0x";
				CLANG_CXX_LIBRARY = "libc++";
				CLANG_ENABLE_MODULES = YES;
				CLANG_ENABLE_OBJC_ARC = YES;
				CLANG_WARN_BOOL_CONVERSION = YES;
				CLANG_WARN_CONSTANT_CONVERSION = YES;
				CLANG_WARN_DIRECT_OBJC_ISA_USAGE = YES_ERROR;
				CLANG_WARN_EMPTY_BODY = YES;
				CLANG_WARN_ENUM_CONVERSION = YES;
				CLANG_WARN_INT_CONVERSION = YES;
				CLANG_WARN_OBJC_ROOT_CLASS = YES_ERROR;
				CLANG_WARN_UNREACHABLE_CODE = YES;
				CLANG_WARN__DUPLICATE_METHOD_MATCH = YES;
				"CODE_SIGN_IDENTITY[sdk=iphoneos*]" = "iPhone Developer";
				COPY_PHASE_STRIP = NO;
				DEBUG_INFORMATION_FORMAT = dwarf;
				ENABLE_STRICT_OBJC_MSGSEND = YES;
				ENABLE_TESTABILITY = YES;
				GCC_C_LANGUAGE_STANDARD = gnu99;
				GCC_DYNAMIC_NO_PIC = NO;
				GCC_NO_COMMON_BLOCKS = YES;
				GCC_OPTIMIZATION_LEVEL = 0;
				GCC_PREPROCESSOR_DEFINITIONS = (
					"DEBUG=1",
					"$(inherited)",
				);
				GCC_WARN_64_TO_32_BIT_CONVERSION = YES;
				GCC_WARN_ABOUT_RETURN_TYPE = YES_ERROR;
				GCC_WARN_UNDECLARED_SELECTOR = YES;
				GCC_WARN_UNINITIALIZED_AUTOS = YES_AGGRESSIVE;
				GCC_WARN_UNUSED_FUNCTION = YES;
				GCC_WARN_UNUSED_VARIABLE = YES;
				IPHONEOS_DEPLOYMENT_TARGET = 9.3;
				MTL_ENABLE_DEBUG_INFO = YES;
				ONLY_ACTIVE_ARCH = YES;
				SDKROOT = iphoneos;
				TARGETED_DEVICE_FAMILY = "1,2";
			};
			name = Debug;
		};
		F74FDF091D595E6C006F21E3 /* Release */ = {
			isa = XCBuildConfiguration;
			buildSettings = {
				ALWAYS_SEARCH_USER_PATHS = NO;
				CLANG_ANALYZER_NONNULL = YES;
				CLANG_CXX_LANGUAGE_STANDARD = "gnu++0x";
				CLANG_CXX_LIBRARY = "libc++";
				CLANG_ENABLE_MODULES = YES;
				CLANG_ENABLE_OBJC_ARC = YES;
				CLANG_WARN_BOOL_CONVERSION = YES;
				CLANG_WARN_CONSTANT_CONVERSION = YES;
				CLANG_WARN_DIRECT_OBJC_ISA_USAGE = YES_ERROR;
				CLANG_WARN_EMPTY_BODY = YES;
				CLANG_WARN_ENUM_CONVERSION = YES;
				CLANG_WARN_INT_CONVERSION = YES;
				CLANG_WARN_OBJC_ROOT_CLASS = YES_ERROR;
				CLANG_WARN_UNREACHABLE_CODE = YES;
				CLANG_WARN__DUPLICATE_METHOD_MATCH = YES;
				"CODE_SIGN_IDENTITY[sdk=iphoneos*]" = "iPhone Developer";
				COPY_PHASE_STRIP = NO;
				DEBUG_INFORMATION_FORMAT = "dwarf-with-dsym";
				ENABLE_NS_ASSERTIONS = NO;
				ENABLE_STRICT_OBJC_MSGSEND = YES;
				GCC_C_LANGUAGE_STANDARD = gnu99;
				GCC_NO_COMMON_BLOCKS = YES;
				GCC_WARN_64_TO_32_BIT_CONVERSION = YES;
				GCC_WARN_ABOUT_RETURN_TYPE = YES_ERROR;
				GCC_WARN_UNDECLARED_SELECTOR = YES;
				GCC_WARN_UNINITIALIZED_AUTOS = YES_AGGRESSIVE;
				GCC_WARN_UNUSED_FUNCTION = YES;
				GCC_WARN_UNUSED_VARIABLE = YES;
				IPHONEOS_DEPLOYMENT_TARGET = 9.3;
				MTL_ENABLE_DEBUG_INFO = NO;
				SDKROOT = iphoneos;
				TARGETED_DEVICE_FAMILY = "1,2";
				VALIDATE_PRODUCT = YES;
			};
			name = Release;
		};
		F74FDF0B1D595E6C006F21E3 /* Debug */ = {
			isa = XCBuildConfiguration;
			baseConfigurationReference = 590D4A30071976506C0BC49F /* Pods-LoveFreshBeen.debug.xcconfig */;
			buildSettings = {
				ASSETCATALOG_COMPILER_APPICON_NAME = AppIcon;
				ASSETCATALOG_COMPILER_LAUNCHIMAGE_NAME = "Brand Assets";
				GCC_PREFIX_HEADER = LoveFreshBeen/SupportingFiles/PrefixHeader.pch;
				INFOPLIST_FILE = LoveFreshBeen/Info.plist;
				IPHONEOS_DEPLOYMENT_TARGET = 8.0;
				LD_RUNPATH_SEARCH_PATHS = "$(inherited) @executable_path/Frameworks";
				PRODUCT_BUNDLE_IDENTIFIER = "---ShenYJ---.LoveFreshBeenjs";
				PRODUCT_NAME = "$(TARGET_NAME)";
			};
			name = Debug;
		};
		F74FDF0C1D595E6C006F21E3 /* Release */ = {
			isa = XCBuildConfiguration;
			baseConfigurationReference = 11F4FA4EA874E763BAA0CD09 /* Pods-LoveFreshBeen.release.xcconfig */;
			buildSettings = {
				ASSETCATALOG_COMPILER_APPICON_NAME = AppIcon;
				ASSETCATALOG_COMPILER_LAUNCHIMAGE_NAME = "Brand Assets";
				GCC_PREFIX_HEADER = LoveFreshBeen/SupportingFiles/PrefixHeader.pch;
				INFOPLIST_FILE = LoveFreshBeen/Info.plist;
				IPHONEOS_DEPLOYMENT_TARGET = 8.0;
				LD_RUNPATH_SEARCH_PATHS = "$(inherited) @executable_path/Frameworks";
				PRODUCT_BUNDLE_IDENTIFIER = "---ShenYJ---.LoveFreshBeenjs";
				PRODUCT_NAME = "$(TARGET_NAME)";
			};
			name = Release;
		};
/* End XCBuildConfiguration section */

/* Begin XCConfigurationList section */
		F74FDEEE1D595E6B006F21E3 /* Build configuration list for PBXProject "LoveFreshBeen" */ = {
			isa = XCConfigurationList;
			buildConfigurations = (
				F74FDF081D595E6C006F21E3 /* Debug */,
				F74FDF091D595E6C006F21E3 /* Release */,
			);
			defaultConfigurationIsVisible = 0;
			defaultConfigurationName = Release;
		};
		F74FDF0A1D595E6C006F21E3 /* Build configuration list for PBXNativeTarget "LoveFreshBeen" */ = {
			isa = XCConfigurationList;
			buildConfigurations = (
				F74FDF0B1D595E6C006F21E3 /* Debug */,
				F74FDF0C1D595E6C006F21E3 /* Release */,
			);
			defaultConfigurationIsVisible = 0;
			defaultConfigurationName = Release;
		};
/* End XCConfigurationList section */
	};
	rootObject = F74FDEEB1D595E6B006F21E3 /* Project object */;
}
